
Microsoft Visual Studio Solution File, Format Version 12.00
# Visual Studio 14
VisualStudioVersion = 14.0.25420.1
MinimumVisualStudioVersion = 10.0.40219.1
Project("{8BC9CEB8-8B4A-11D0-8D11-00A0C91BC942}") = "myMoneyLib", "myMoneyLib\myMoneyLib.vcxproj", "{65BC34CE-A4E1-487A-958B-BF31DCE8957A}"
EndProject
Project("{2150E333-8FDC-42A3-9474-1A3956D46DE8}") = "Solution Items", "Solution Items", "{4A1E230B-C382-4301-9BAA-A95618201D1E}"
EndProject
Project("{8BC9CEB8-8B4A-11D0-8D11-00A0C91BC942}") = "myMoneyLibTest", "myMoneyLibTest\myMoneyLibTest.vcxproj", "{BD48E7D8-709F-4535-962B-76992769493F}"
EndProject
Global
	GlobalSection(SolutionConfigurationPlatforms) = preSolution
		Debug|x64 = Debug|x64
		Debug|x86 = Debug|x86
		Release|x64 = Release|x64
		Release|x86 = Release|x86
	EndGlobalSection
	GlobalSection(ProjectConfigurationPlatforms) = postSolution
		{65BC34CE-A4E1-487A-958B-BF31DCE8957A}.Debug|x64.ActiveCfg = Debug|x64
		{65BC34CE-A4E1-487A-958B-BF31DCE8957A}.Debug|x64.Build.0 = Debug|x64
		{65BC34CE-A4E1-487A-958B-BF31DCE8957A}.Debug|x86.ActiveCfg = Debug|Win32
		{65BC34CE-A4E1-487A-958B-BF31DCE8957A}.Debug|x86.Build.0 = Debug|Win32
		{65BC34CE-A4E1-487A-958B-BF31DCE8957A}.Release|x64.ActiveCfg = Release|x64
		{65BC34CE-A4E1-487A-958B-BF31DCE8957A}.Release|x64.Build.0 = Release|x64
		{65BC34CE-A4E1-487A-958B-BF31DCE8957A}.Release|x86.ActiveCfg = Release|Win32
		{65BC34CE-A4E1-487A-958B-BF31DCE8957A}.Release|x86.Build.0 = Release|Win32
		{BD48E7D8-709F-4535-962B-76992769493F}.Debug|x64.ActiveCfg = Debug|x64
		{BD48E7D8-709F-4535-962B-76992769493F}.Debug|x64.Build.0 = Debug|x64
		{BD48E7D8-709F-4535-962B-76992769493F}.Debug|x86.ActiveCfg = Debug|Win32
		{BD48E7D8-709F-4535-962B-76992769493F}.Debug|x86.Build.0 = Debug|Win32
		{BD48E7D8-709F-4535-962B-76992769493F}.Release|x64.ActiveCfg = Release|x64
		{BD48E7D8-709F-4535-962B-76992769493F}.Release|x64.Build.0 = Release|x64
		{BD48E7D8-709F-4535-962B-76992769493F}.Release|x86.ActiveCfg = Release|Win32
		{BD48E7D8-709F-4535-962B-76992769493F}.Release|x86.Build.0 = Release|Win32
	EndGlobalSection
	GlobalSection(SolutionProperties) = preSolution
		HideSolutionNode = FALSE
	EndGlobalSection
EndGlobal
